{
  "object": {
    "pins": [
      {
        "package": "Logger",
        "repositoryURL": "git@github.com:BlueEventHorizon/Logger.git",
        "state": {
          "branch": null,
          "revision": "15e38f9c68ea1204c941474245f5b86ee318201b",
          "version": "1.5.4"
        }
      }
    ]
  },
  "version": 1
}
