{
  "object": {
    "pins": [
      {
        "package": "Logger",
        "repositoryURL": "git@github.com:BlueEventHorizon/Logger.git",
        "state": {
          "branch": null,
          "revision": "381902c6f52816013b7b8275c573ca63b4e501e7",
          "version": "1.5.4"
        }
      }
    ]
  },
  "version": 1
}
