{
  "object": {
    "pins": [
      {
        "package": "BwLogger",
        "repositoryURL": "git@github.com:BlueEventHorizon/BwLogger.git",
        "state": {
          "branch": null,
          "revision": "bf134ad87ffccdf0983f7099be3ce859e93c9324",
          "version": "4.0.10"
        }
      }
    ]
  },
  "version": 1
}
