{
  "object": {
    "pins": [
      {
        "package": "Logger",
        "repositoryURL": "git@github.com:BlueEventHorizon/Logger.git",
        "state": {
          "branch": null,
          "revision": "2ce3aadd8c69428ba44392672b8b9c2a8f76d165",
          "version": "3.0.3"
        }
      }
    ]
  },
  "version": 1
}
