{
  "object": {
    "pins": [
      {
        "package": "BwLogger",
        "repositoryURL": "git@github.com:BlueEventHorizon/BwLogger.git",
        "state": {
          "branch": null,
          "revision": "5d30faa6609a056b3efe4f9f2b032258c49c4b04",
          "version": "4.0.0"
        }
      }
    ]
  },
  "version": 1
}
