// !$*UTF8*$!
{
	archiveVersion = 1;
	classes = {
	};
	objectVersion = 52;
	objects = {

/* Begin PBXBuildFile section */
		5205EB98269D950600E60AA1 /* TextFeild.swift in Sources */ = {isa = PBXBuildFile; fileRef = 5205EB97269D950600E60AA1 /* TextFeild.swift */; };
		5205EB99269D950600E60AA1 /* TextFeild.swift in Sources */ = {isa = PBXBuildFile; fileRef = 5205EB97269D950600E60AA1 /* TextFeild.swift */; };
		526440412698B95F00A19F99 /* BorderedText.swift in Sources */ = {isa = PBXBuildFile; fileRef = 526440402698B95F00A19F99 /* BorderedText.swift */; };
		526440422698B95F00A19F99 /* BorderedText.swift in Sources */ = {isa = PBXBuildFile; fileRef = 526440402698B95F00A19F99 /* BorderedText.swift */; };
		52AA05982698AAF100296968 /* Tests_iOS.swift in Sources */ = {isa = PBXBuildFile; fileRef = 52AA05972698AAF100296968 /* Tests_iOS.swift */; };
		52AA05A32698AAF100296968 /* Tests_macOS.swift in Sources */ = {isa = PBXBuildFile; fileRef = 52AA05A22698AAF100296968 /* Tests_macOS.swift */; };
		52AA05A52698AAF100296968 /* LoggerApp.swift in Sources */ = {isa = PBXBuildFile; fileRef = 52AA057C2698AAF000296968 /* LoggerApp.swift */; };
		52AA05A62698AAF100296968 /* LoggerApp.swift in Sources */ = {isa = PBXBuildFile; fileRef = 52AA057C2698AAF000296968 /* LoggerApp.swift */; };
		52AA05A72698AAF100296968 /* ContentView.swift in Sources */ = {isa = PBXBuildFile; fileRef = 52AA057D2698AAF000296968 /* ContentView.swift */; };
		52AA05A82698AAF100296968 /* ContentView.swift in Sources */ = {isa = PBXBuildFile; fileRef = 52AA057D2698AAF000296968 /* ContentView.swift */; };
		52AA05A92698AAF100296968 /* Assets.xcassets in Resources */ = {isa = PBXBuildFile; fileRef = 52AA057E2698AAF000296968 /* Assets.xcassets */; };
		52AA05AA2698AAF100296968 /* Assets.xcassets in Resources */ = {isa = PBXBuildFile; fileRef = 52AA057E2698AAF000296968 /* Assets.xcassets */; };
		52F2994C2698ABD000FADC26 /* BwLogger in Frameworks */ = {isa = PBXBuildFile; productRef = 52F2994B2698ABD000FADC26 /* BwLogger */; };
		52F2994E2698AE8800FADC26 /* PublishedLogger.swift in Sources */ = {isa = PBXBuildFile; fileRef = 52F2994D2698AE8800FADC26 /* PublishedLogger.swift */; };
		52F2994F2698AE8800FADC26 /* PublishedLogger.swift in Sources */ = {isa = PBXBuildFile; fileRef = 52F2994D2698AE8800FADC26 /* PublishedLogger.swift */; };
		76E8461A26BD5147005A7DF8 /* TextFileWriter.swift in Sources */ = {isa = PBXBuildFile; fileRef = 76E8461926BD5147005A7DF8 /* TextFileWriter.swift */; };
		76E8461B26BD5147005A7DF8 /* TextFileWriter.swift in Sources */ = {isa = PBXBuildFile; fileRef = 76E8461926BD5147005A7DF8 /* TextFileWriter.swift */; };
		76E8461D26BD952D005A7DF8 /* ImageText.swift in Sources */ = {isa = PBXBuildFile; fileRef = 76E8461C26BD952D005A7DF8 /* ImageText.swift */; };
		76E8461E26BD952D005A7DF8 /* ImageText.swift in Sources */ = {isa = PBXBuildFile; fileRef = 76E8461C26BD952D005A7DF8 /* ImageText.swift */; };
/* End PBXBuildFile section */

/* Begin PBXContainerItemProxy section */
		52AA05942698AAF100296968 /* PBXContainerItemProxy */ = {
			isa = PBXContainerItemProxy;
			containerPortal = 52AA05772698AAF000296968 /* Project object */;
			proxyType = 1;
			remoteGlobalIDString = 52AA05822698AAF000296968;
			remoteInfo = "LoggerApp (iOS)";
		};
		52AA059F2698AAF100296968 /* PBXContainerItemProxy */ = {
			isa = PBXContainerItemProxy;
			containerPortal = 52AA05772698AAF000296968 /* Project object */;
			proxyType = 1;
			remoteGlobalIDString = 52AA058A2698AAF100296968;
			remoteInfo = "LoggerApp (macOS)";
		};
/* End PBXContainerItemProxy section */

/* Begin PBXFileReference section */
		5205EB97269D950600E60AA1 /* TextFeild.swift */ = {isa = PBXFileReference; lastKnownFileType = sourcecode.swift; path = TextFeild.swift; sourceTree = "<group>"; };
		526440402698B95F00A19F99 /* BorderedText.swift */ = {isa = PBXFileReference; fileEncoding = 4; lastKnownFileType = sourcecode.swift; path = BorderedText.swift; sourceTree = "<group>"; };
		52AA057C2698AAF000296968 /* LoggerApp.swift */ = {isa = PBXFileReference; lastKnownFileType = sourcecode.swift; path = LoggerApp.swift; sourceTree = "<group>"; };
		52AA057D2698AAF000296968 /* ContentView.swift */ = {isa = PBXFileReference; lastKnownFileType = sourcecode.swift; path = ContentView.swift; sourceTree = "<group>"; };
		52AA057E2698AAF000296968 /* Assets.xcassets */ = {isa = PBXFileReference; lastKnownFileType = folder.assetcatalog; path = Assets.xcassets; sourceTree = "<group>"; };
		52AA05832698AAF000296968 /* LoggerApp.app */ = {isa = PBXFileReference; explicitFileType = wrapper.application; includeInIndex = 0; path = LoggerApp.app; sourceTree = BUILT_PRODUCTS_DIR; };
		52AA05862698AAF000296968 /* Info.plist */ = {isa = PBXFileReference; lastKnownFileType = text.plist.xml; path = Info.plist; sourceTree = "<group>"; };
		52AA058B2698AAF100296968 /* LoggerApp.app */ = {isa = PBXFileReference; explicitFileType = wrapper.application; includeInIndex = 0; path = LoggerApp.app; sourceTree = BUILT_PRODUCTS_DIR; };
		52AA058D2698AAF100296968 /* Info.plist */ = {isa = PBXFileReference; lastKnownFileType = text.plist.xml; path = Info.plist; sourceTree = "<group>"; };
		52AA058E2698AAF100296968 /* macOS.entitlements */ = {isa = PBXFileReference; lastKnownFileType = text.plist.entitlements; path = macOS.entitlements; sourceTree = "<group>"; };
		52AA05932698AAF100296968 /* Tests iOS.xctest */ = {isa = PBXFileReference; explicitFileType = wrapper.cfbundle; includeInIndex = 0; path = "Tests iOS.xctest"; sourceTree = BUILT_PRODUCTS_DIR; };
		52AA05972698AAF100296968 /* Tests_iOS.swift */ = {isa = PBXFileReference; lastKnownFileType = sourcecode.swift; path = Tests_iOS.swift; sourceTree = "<group>"; };
		52AA05992698AAF100296968 /* Info.plist */ = {isa = PBXFileReference; lastKnownFileType = text.plist.xml; path = Info.plist; sourceTree = "<group>"; };
		52AA059E2698AAF100296968 /* Tests macOS.xctest */ = {isa = PBXFileReference; explicitFileType = wrapper.cfbundle; includeInIndex = 0; path = "Tests macOS.xctest"; sourceTree = BUILT_PRODUCTS_DIR; };
		52AA05A22698AAF100296968 /* Tests_macOS.swift */ = {isa = PBXFileReference; lastKnownFileType = sourcecode.swift; path = Tests_macOS.swift; sourceTree = "<group>"; };
		52AA05A42698AAF100296968 /* Info.plist */ = {isa = PBXFileReference; lastKnownFileType = text.plist.xml; path = Info.plist; sourceTree = "<group>"; };
		52BF280C275A07CF0062ADFB /* BwLogger */ = {isa = PBXFileReference; lastKnownFileType = folder; name = BwLogger; path = ../..; sourceTree = "<group>"; };
		52F2994D2698AE8800FADC26 /* PublishedLogger.swift */ = {isa = PBXFileReference; lastKnownFileType = sourcecode.swift; path = PublishedLogger.swift; sourceTree = "<group>"; };
		76E8461926BD5147005A7DF8 /* TextFileWriter.swift */ = {isa = PBXFileReference; fileEncoding = 4; lastKnownFileType = sourcecode.swift; path = TextFileWriter.swift; sourceTree = "<group>"; };
		76E8461C26BD952D005A7DF8 /* ImageText.swift */ = {isa = PBXFileReference; lastKnownFileType = sourcecode.swift; path = ImageText.swift; sourceTree = "<group>"; };
/* End PBXFileReference section */

/* Begin PBXFrameworksBuildPhase section */
		52AA05802698AAF000296968 /* Frameworks */ = {
			isa = PBXFrameworksBuildPhase;
			buildActionMask = 2147483647;
			files = (
				52F2994C2698ABD000FADC26 /* BwLogger in Frameworks */,
			);
			runOnlyForDeploymentPostprocessing = 0;
		};
		52AA05882698AAF100296968 /* Frameworks */ = {
			isa = PBXFrameworksBuildPhase;
			buildActionMask = 2147483647;
			files = (
			);
			runOnlyForDeploymentPostprocessing = 0;
		};
		52AA05902698AAF100296968 /* Frameworks */ = {
			isa = PBXFrameworksBuildPhase;
			buildActionMask = 2147483647;
			files = (
			);
			runOnlyForDeploymentPostprocessing = 0;
		};
		52AA059B2698AAF100296968 /* Frameworks */ = {
			isa = PBXFrameworksBuildPhase;
			buildActionMask = 2147483647;
			files = (
			);
			runOnlyForDeploymentPostprocessing = 0;
		};
/* End PBXFrameworksBuildPhase section */

/* Begin PBXGroup section */
		52AA05762698AAF000296968 = {
			isa = PBXGroup;
			children = (
				52BF280C275A07CF0062ADFB /* BwLogger */,
				52AA057B2698AAF000296968 /* Shared */,
				52AA05852698AAF000296968 /* iOS */,
				52AA058C2698AAF100296968 /* macOS */,
				52AA05962698AAF100296968 /* Tests iOS */,
				52AA05A12698AAF100296968 /* Tests macOS */,
				52AA05842698AAF000296968 /* Products */,
			);
			sourceTree = "<group>";
		};
		52AA057B2698AAF000296968 /* Shared */ = {
			isa = PBXGroup;
			children = (
				52AA057C2698AAF000296968 /* LoggerApp.swift */,
				52AA057D2698AAF000296968 /* ContentView.swift */,
				5205EB97269D950600E60AA1 /* TextFeild.swift */,
				526440402698B95F00A19F99 /* BorderedText.swift */,
				76E8461C26BD952D005A7DF8 /* ImageText.swift */,
				76E8461926BD5147005A7DF8 /* TextFileWriter.swift */,
				52F2994D2698AE8800FADC26 /* PublishedLogger.swift */,
				52AA057E2698AAF000296968 /* Assets.xcassets */,
			);
			path = Shared;
			sourceTree = "<group>";
		};
		52AA05842698AAF000296968 /* Products */ = {
			isa = PBXGroup;
			children = (
				52AA05832698AAF000296968 /* LoggerApp.app */,
				52AA058B2698AAF100296968 /* LoggerApp.app */,
				52AA05932698AAF100296968 /* Tests iOS.xctest */,
				52AA059E2698AAF100296968 /* Tests macOS.xctest */,
			);
			name = Products;
			sourceTree = "<group>";
		};
		52AA05852698AAF000296968 /* iOS */ = {
			isa = PBXGroup;
			children = (
				52AA05862698AAF000296968 /* Info.plist */,
			);
			path = iOS;
			sourceTree = "<group>";
		};
		52AA058C2698AAF100296968 /* macOS */ = {
			isa = PBXGroup;
			children = (
				52AA058D2698AAF100296968 /* Info.plist */,
				52AA058E2698AAF100296968 /* macOS.entitlements */,
			);
			path = macOS;
			sourceTree = "<group>";
		};
		52AA05962698AAF100296968 /* Tests iOS */ = {
			isa = PBXGroup;
			children = (
				52AA05972698AAF100296968 /* Tests_iOS.swift */,
				52AA05992698AAF100296968 /* Info.plist */,
			);
			path = "Tests iOS";
			sourceTree = "<group>";
		};
		52AA05A12698AAF100296968 /* Tests macOS */ = {
			isa = PBXGroup;
			children = (
				52AA05A22698AAF100296968 /* Tests_macOS.swift */,
				52AA05A42698AAF100296968 /* Info.plist */,
			);
			path = "Tests macOS";
			sourceTree = "<group>";
		};
/* End PBXGroup section */

/* Begin PBXNativeTarget section */
		52AA05822698AAF000296968 /* LoggerApp (iOS) */ = {
			isa = PBXNativeTarget;
			buildConfigurationList = 52AA05AD2698AAF100296968 /* Build configuration list for PBXNativeTarget "LoggerApp (iOS)" */;
			buildPhases = (
				52896B1026D243C00092DC9E /* Run swiftformat Script */,
				52896B0E26D20F3A0092DC9E /* Run swiftlint Script */,
				52AA057F2698AAF000296968 /* Sources */,
				52AA05802698AAF000296968 /* Frameworks */,
				52AA05812698AAF000296968 /* Resources */,
			);
			buildRules = (
			);
			dependencies = (
			);
			name = "LoggerApp (iOS)";
			packageProductDependencies = (
				52F2994B2698ABD000FADC26 /* BwLogger */,
			);
			productName = "LoggerApp (iOS)";
			productReference = 52AA05832698AAF000296968 /* LoggerApp.app */;
			productType = "com.apple.product-type.application";
		};
		52AA058A2698AAF100296968 /* LoggerApp (macOS) */ = {
			isa = PBXNativeTarget;
			buildConfigurationList = 52AA05B02698AAF100296968 /* Build configuration list for PBXNativeTarget "LoggerApp (macOS)" */;
			buildPhases = (
				52AA05872698AAF100296968 /* Sources */,
				52AA05882698AAF100296968 /* Frameworks */,
				52AA05892698AAF100296968 /* Resources */,
			);
			buildRules = (
			);
			dependencies = (
			);
			name = "LoggerApp (macOS)";
			productName = "LoggerApp (macOS)";
			productReference = 52AA058B2698AAF100296968 /* LoggerApp.app */;
			productType = "com.apple.product-type.application";
		};
		52AA05922698AAF100296968 /* Tests iOS */ = {
			isa = PBXNativeTarget;
			buildConfigurationList = 52AA05B32698AAF100296968 /* Build configuration list for PBXNativeTarget "Tests iOS" */;
			buildPhases = (
				52AA058F2698AAF100296968 /* Sources */,
				52AA05902698AAF100296968 /* Frameworks */,
				52AA05912698AAF100296968 /* Resources */,
			);
			buildRules = (
			);
			dependencies = (
				52AA05952698AAF100296968 /* PBXTargetDependency */,
			);
			name = "Tests iOS";
			productName = "Tests iOS";
			productReference = 52AA05932698AAF100296968 /* Tests iOS.xctest */;
			productType = "com.apple.product-type.bundle.ui-testing";
		};
		52AA059D2698AAF100296968 /* Tests macOS */ = {
			isa = PBXNativeTarget;
			buildConfigurationList = 52AA05B62698AAF100296968 /* Build configuration list for PBXNativeTarget "Tests macOS" */;
			buildPhases = (
				52AA059A2698AAF100296968 /* Sources */,
				52AA059B2698AAF100296968 /* Frameworks */,
				52AA059C2698AAF100296968 /* Resources */,
			);
			buildRules = (
			);
			dependencies = (
				52AA05A02698AAF100296968 /* PBXTargetDependency */,
			);
			name = "Tests macOS";
			productName = "Tests macOS";
			productReference = 52AA059E2698AAF100296968 /* Tests macOS.xctest */;
			productType = "com.apple.product-type.bundle.ui-testing";
		};
/* End PBXNativeTarget section */

/* Begin PBXProject section */
		52AA05772698AAF000296968 /* Project object */ = {
			isa = PBXProject;
			attributes = {
				LastSwiftUpdateCheck = 1250;
				LastUpgradeCheck = 1310;
				TargetAttributes = {
					52AA05822698AAF000296968 = {
						CreatedOnToolsVersion = 12.5.1;
					};
					52AA058A2698AAF100296968 = {
						CreatedOnToolsVersion = 12.5.1;
					};
					52AA05922698AAF100296968 = {
						CreatedOnToolsVersion = 12.5.1;
						TestTargetID = 52AA05822698AAF000296968;
					};
					52AA059D2698AAF100296968 = {
						CreatedOnToolsVersion = 12.5.1;
						TestTargetID = 52AA058A2698AAF100296968;
					};
				};
			};
			buildConfigurationList = 52AA057A2698AAF000296968 /* Build configuration list for PBXProject "LoggerApp" */;
			compatibilityVersion = "Xcode 9.3";
			developmentRegion = en;
			hasScannedForEncodings = 0;
			knownRegions = (
				en,
				Base,
			);
			mainGroup = 52AA05762698AAF000296968;
			packageReferences = (
				52F2994A2698ABD000FADC26 /* XCRemoteSwiftPackageReference "BwLogger" */,
			);
			productRefGroup = 52AA05842698AAF000296968 /* Products */;
			projectDirPath = "";
			projectRoot = "";
			targets = (
				52AA05822698AAF000296968 /* LoggerApp (iOS) */,
				52AA058A2698AAF100296968 /* LoggerApp (macOS) */,
				52AA05922698AAF100296968 /* Tests iOS */,
				52AA059D2698AAF100296968 /* Tests macOS */,
			);
		};
/* End PBXProject section */

/* Begin PBXResourcesBuildPhase section */
		52AA05812698AAF000296968 /* Resources */ = {
			isa = PBXResourcesBuildPhase;
			buildActionMask = 2147483647;
			files = (
				52AA05A92698AAF100296968 /* Assets.xcassets in Resources */,
			);
			runOnlyForDeploymentPostprocessing = 0;
		};
		52AA05892698AAF100296968 /* Resources */ = {
			isa = PBXResourcesBuildPhase;
			buildActionMask = 2147483647;
			files = (
				52AA05AA2698AAF100296968 /* Assets.xcassets in Resources */,
			);
			runOnlyForDeploymentPostprocessing = 0;
		};
		52AA05912698AAF100296968 /* Resources */ = {
			isa = PBXResourcesBuildPhase;
			buildActionMask = 2147483647;
			files = (
			);
			runOnlyForDeploymentPostprocessing = 0;
		};
		52AA059C2698AAF100296968 /* Resources */ = {
			isa = PBXResourcesBuildPhase;
			buildActionMask = 2147483647;
			files = (
			);
			runOnlyForDeploymentPostprocessing = 0;
		};
/* End PBXResourcesBuildPhase section */

/* Begin PBXShellScriptBuildPhase section */
		52896B0E26D20F3A0092DC9E /* Run swiftlint Script */ = {
			isa = PBXShellScriptBuildPhase;
			buildActionMask = 2147483647;
			files = (
			);
			inputFileListPaths = (
			);
			inputPaths = (
			);
			name = "Run swiftlint Script";
			outputFileListPaths = (
			);
			outputPaths = (
			);
			runOnlyForDeploymentPostprocessing = 0;
			shellPath = /bin/sh;
			shellScript = "if which swiftlint >/dev/null; then\n    #swiftlint autocorrect\n    swiftlint ../../\n    #echo \"⚠️warning: swiftlint is disabled\"\nelse\n    echo \"⚠️warning: swiftlint not installed\"\nfi\n";
		};
		52896B1026D243C00092DC9E /* Run swiftformat Script */ = {
			isa = PBXShellScriptBuildPhase;
			buildActionMask = 2147483647;
			files = (
			);
			inputFileListPaths = (
			);
			inputPaths = (
			);
			name = "Run swiftformat Script";
			outputFileListPaths = (
			);
			outputPaths = (
			);
			runOnlyForDeploymentPostprocessing = 0;
			shellPath = /bin/sh;
			shellScript = "if which swiftformat >/dev/null; then\n    # swiftformat --exclude Carthage,Pods,Generated --decimalgrouping 3 --stripunusedargs closure-only --extensionacl on-declarations --indentcase true --disable redundanttype,redundantRawValues,redundantSelf,trailingCommas,wrapMultilineStatementBraces,blankLinesAroundMark ${SRCROOT}/../../\n    echo \"⚠️warning: swiftformat id disabled\"\nelse\n    echo \"⚠️warning: swiftformat not installed\"\nfi\n\n";
		};
/* End PBXShellScriptBuildPhase section */

/* Begin PBXSourcesBuildPhase section */
		52AA057F2698AAF000296968 /* Sources */ = {
			isa = PBXSourcesBuildPhase;
			buildActionMask = 2147483647;
			files = (
				526440412698B95F00A19F99 /* BorderedText.swift in Sources */,
				52AA05A72698AAF100296968 /* ContentView.swift in Sources */,
				52F2994E2698AE8800FADC26 /* PublishedLogger.swift in Sources */,
				76E8461A26BD5147005A7DF8 /* TextFileWriter.swift in Sources */,
				76E8461D26BD952D005A7DF8 /* ImageText.swift in Sources */,
				52AA05A52698AAF100296968 /* LoggerApp.swift in Sources */,
				5205EB98269D950600E60AA1 /* TextFeild.swift in Sources */,
			);
			runOnlyForDeploymentPostprocessing = 0;
		};
		52AA05872698AAF100296968 /* Sources */ = {
			isa = PBXSourcesBuildPhase;
			buildActionMask = 2147483647;
			files = (
				526440422698B95F00A19F99 /* BorderedText.swift in Sources */,
				52AA05A82698AAF100296968 /* ContentView.swift in Sources */,
				52F2994F2698AE8800FADC26 /* PublishedLogger.swift in Sources */,
				76E8461B26BD5147005A7DF8 /* TextFileWriter.swift in Sources */,
				76E8461E26BD952D005A7DF8 /* ImageText.swift in Sources */,
				52AA05A62698AAF100296968 /* LoggerApp.swift in Sources */,
				5205EB99269D950600E60AA1 /* TextFeild.swift in Sources */,
			);
			runOnlyForDeploymentPostprocessing = 0;
		};
		52AA058F2698AAF100296968 /* Sources */ = {
			isa = PBXSourcesBuildPhase;
			buildActionMask = 2147483647;
			files = (
				52AA05982698AAF100296968 /* Tests_iOS.swift in Sources */,
			);
			runOnlyForDeploymentPostprocessing = 0;
		};
		52AA059A2698AAF100296968 /* Sources */ = {
			isa = PBXSourcesBuildPhase;
			buildActionMask = 2147483647;
			files = (
				52AA05A32698AAF100296968 /* Tests_macOS.swift in Sources */,
			);
			runOnlyForDeploymentPostprocessing = 0;
		};
/* End PBXSourcesBuildPhase section */

/* Begin PBXTargetDependency section */
		52AA05952698AAF100296968 /* PBXTargetDependency */ = {
			isa = PBXTargetDependency;
			target = 52AA05822698AAF000296968 /* LoggerApp (iOS) */;
			targetProxy = 52AA05942698AAF100296968 /* PBXContainerItemProxy */;
		};
		52AA05A02698AAF100296968 /* PBXTargetDependency */ = {
			isa = PBXTargetDependency;
			target = 52AA058A2698AAF100296968 /* LoggerApp (macOS) */;
			targetProxy = 52AA059F2698AAF100296968 /* PBXContainerItemProxy */;
		};
/* End PBXTargetDependency section */

/* Begin XCBuildConfiguration section */
		52AA05AB2698AAF100296968 /* Debug */ = {
			isa = XCBuildConfiguration;
			buildSettings = {
				ALWAYS_SEARCH_USER_PATHS = NO;
				CLANG_ANALYZER_NONNULL = YES;
				CLANG_ANALYZER_NUMBER_OBJECT_CONVERSION = YES_AGGRESSIVE;
				CLANG_CXX_LANGUAGE_STANDARD = "gnu++14";
				CLANG_CXX_LIBRARY = "libc++";
				CLANG_ENABLE_MODULES = YES;
				CLANG_ENABLE_OBJC_ARC = YES;
				CLANG_ENABLE_OBJC_WEAK = YES;
				CLANG_WARN_BLOCK_CAPTURE_AUTORELEASING = YES;
				CLANG_WARN_BOOL_CONVERSION = YES;
				CLANG_WARN_COMMA = YES;
				CLANG_WARN_CONSTANT_CONVERSION = YES;
				CLANG_WARN_DEPRECATED_OBJC_IMPLEMENTATIONS = YES;
				CLANG_WARN_DIRECT_OBJC_ISA_USAGE = YES_ERROR;
				CLANG_WARN_DOCUMENTATION_COMMENTS = YES;
				CLANG_WARN_EMPTY_BODY = YES;
				CLANG_WARN_ENUM_CONVERSION = YES;
				CLANG_WARN_INFINITE_RECURSION = YES;
				CLANG_WARN_INT_CONVERSION = YES;
				CLANG_WARN_NON_LITERAL_NULL_CONVERSION = YES;
				CLANG_WARN_OBJC_IMPLICIT_RETAIN_SELF = YES;
				CLANG_WARN_OBJC_LITERAL_CONVERSION = YES;
				CLANG_WARN_OBJC_ROOT_CLASS = YES_ERROR;
				CLANG_WARN_QUOTED_INCLUDE_IN_FRAMEWORK_HEADER = YES;
				CLANG_WARN_RANGE_LOOP_ANALYSIS = YES;
				CLANG_WARN_STRICT_PROTOTYPES = YES;
				CLANG_WARN_SUSPICIOUS_MOVE = YES;
				CLANG_WARN_UNGUARDED_AVAILABILITY = YES_AGGRESSIVE;
				CLANG_WARN_UNREACHABLE_CODE = YES;
				CLANG_WARN__DUPLICATE_METHOD_MATCH = YES;
				COPY_PHASE_STRIP = NO;
				DEBUG_INFORMATION_FORMAT = dwarf;
				ENABLE_STRICT_OBJC_MSGSEND = YES;
				ENABLE_TESTABILITY = YES;
				GCC_C_LANGUAGE_STANDARD = gnu11;
				GCC_DYNAMIC_NO_PIC = NO;
				GCC_NO_COMMON_BLOCKS = YES;
				GCC_OPTIMIZATION_LEVEL = 0;
				GCC_PREPROCESSOR_DEFINITIONS = (
					"DEBUG=1",
					"$(inherited)",
				);
				GCC_WARN_64_TO_32_BIT_CONVERSION = YES;
				GCC_WARN_ABOUT_RETURN_TYPE = YES_ERROR;
				GCC_WARN_UNDECLARED_SELECTOR = YES;
				GCC_WARN_UNINITIALIZED_AUTOS = YES_AGGRESSIVE;
				GCC_WARN_UNUSED_FUNCTION = YES;
				GCC_WARN_UNUSED_VARIABLE = YES;
				MTL_ENABLE_DEBUG_INFO = INCLUDE_SOURCE;
				MTL_FAST_MATH = YES;
				ONLY_ACTIVE_ARCH = YES;
				SWIFT_ACTIVE_COMPILATION_CONDITIONS = DEBUG;
				SWIFT_OPTIMIZATION_LEVEL = "-Onone";
			};
			name = Debug;
		};
		52AA05AC2698AAF100296968 /* Release */ = {
			isa = XCBuildConfiguration;
			buildSettings = {
				ALWAYS_SEARCH_USER_PATHS = NO;
				CLANG_ANALYZER_NONNULL = YES;
				CLANG_ANALYZER_NUMBER_OBJECT_CONVERSION = YES_AGGRESSIVE;
				CLANG_CXX_LANGUAGE_STANDARD = "gnu++14";
				CLANG_CXX_LIBRARY = "libc++";
				CLANG_ENABLE_MODULES = YES;
				CLANG_ENABLE_OBJC_ARC = YES;
				CLANG_ENABLE_OBJC_WEAK = YES;
				CLANG_WARN_BLOCK_CAPTURE_AUTORELEASING = YES;
				CLANG_WARN_BOOL_CONVERSION = YES;
				CLANG_WARN_COMMA = YES;
				CLANG_WARN_CONSTANT_CONVERSION = YES;
				CLANG_WARN_DEPRECATED_OBJC_IMPLEMENTATIONS = YES;
				CLANG_WARN_DIRECT_OBJC_ISA_USAGE = YES_ERROR;
				CLANG_WARN_DOCUMENTATION_COMMENTS = YES;
				CLANG_WARN_EMPTY_BODY = YES;
				CLANG_WARN_ENUM_CONVERSION = YES;
				CLANG_WARN_INFINITE_RECURSION = YES;
				CLANG_WARN_INT_CONVERSION = YES;
				CLANG_WARN_NON_LITERAL_NULL_CONVERSION = YES;
				CLANG_WARN_OBJC_IMPLICIT_RETAIN_SELF = YES;
				CLANG_WARN_OBJC_LITERAL_CONVERSION = YES;
				CLANG_WARN_OBJC_ROOT_CLASS = YES_ERROR;
				CLANG_WARN_QUOTED_INCLUDE_IN_FRAMEWORK_HEADER = YES;
				CLANG_WARN_RANGE_LOOP_ANALYSIS = YES;
				CLANG_WARN_STRICT_PROTOTYPES = YES;
				CLANG_WARN_SUSPICIOUS_MOVE = YES;
				CLANG_WARN_UNGUARDED_AVAILABILITY = YES_AGGRESSIVE;
				CLANG_WARN_UNREACHABLE_CODE = YES;
				CLANG_WARN__DUPLICATE_METHOD_MATCH = YES;
				COPY_PHASE_STRIP = NO;
				DEBUG_INFORMATION_FORMAT = "dwarf-with-dsym";
				ENABLE_NS_ASSERTIONS = NO;
				ENABLE_STRICT_OBJC_MSGSEND = YES;
				GCC_C_LANGUAGE_STANDARD = gnu11;
				GCC_NO_COMMON_BLOCKS = YES;
				GCC_WARN_64_TO_32_BIT_CONVERSION = YES;
				GCC_WARN_ABOUT_RETURN_TYPE = YES_ERROR;
				GCC_WARN_UNDECLARED_SELECTOR = YES;
				GCC_WARN_UNINITIALIZED_AUTOS = YES_AGGRESSIVE;
				GCC_WARN_UNUSED_FUNCTION = YES;
				GCC_WARN_UNUSED_VARIABLE = YES;
				MTL_ENABLE_DEBUG_INFO = NO;
				MTL_FAST_MATH = YES;
				SWIFT_COMPILATION_MODE = wholemodule;
				SWIFT_OPTIMIZATION_LEVEL = "-O";
			};
			name = Release;
		};
		52AA05AE2698AAF100296968 /* Debug */ = {
			isa = XCBuildConfiguration;
			buildSettings = {
				ASSETCATALOG_COMPILER_APPICON_NAME = AppIcon;
				ASSETCATALOG_COMPILER_GLOBAL_ACCENT_COLOR_NAME = AccentColor;
				CODE_SIGN_STYLE = Automatic;
				DEVELOPMENT_TEAM = D6A5KP29BP;
				ENABLE_PREVIEWS = YES;
				INFOPLIST_FILE = iOS/Info.plist;
				IPHONEOS_DEPLOYMENT_TARGET = 14.0;
				LD_RUNPATH_SEARCH_PATHS = (
					"$(inherited)",
					"@executable_path/Frameworks",
				);
				PRODUCT_BUNDLE_IDENTIFIER = "com.beowulf-tech.LoggerApp";
				PRODUCT_NAME = LoggerApp;
				SDKROOT = iphoneos;
				SWIFT_VERSION = 5.0;
				TARGETED_DEVICE_FAMILY = "1,2";
			};
			name = Debug;
		};
		52AA05AF2698AAF100296968 /* Release */ = {
			isa = XCBuildConfiguration;
			buildSettings = {
				ASSETCATALOG_COMPILER_APPICON_NAME = AppIcon;
				ASSETCATALOG_COMPILER_GLOBAL_ACCENT_COLOR_NAME = AccentColor;
				CODE_SIGN_STYLE = Automatic;
				DEVELOPMENT_TEAM = D6A5KP29BP;
				ENABLE_PREVIEWS = YES;
				INFOPLIST_FILE = iOS/Info.plist;
				IPHONEOS_DEPLOYMENT_TARGET = 14.0;
				LD_RUNPATH_SEARCH_PATHS = (
					"$(inherited)",
					"@executable_path/Frameworks",
				);
				PRODUCT_BUNDLE_IDENTIFIER = "com.beowulf-tech.LoggerApp";
				PRODUCT_NAME = LoggerApp;
				SDKROOT = iphoneos;
				SWIFT_VERSION = 5.0;
				TARGETED_DEVICE_FAMILY = "1,2";
				VALIDATE_PRODUCT = YES;
			};
			name = Release;
		};
		52AA05B12698AAF100296968 /* Debug */ = {
			isa = XCBuildConfiguration;
			buildSettings = {
				ASSETCATALOG_COMPILER_APPICON_NAME = AppIcon;
				ASSETCATALOG_COMPILER_GLOBAL_ACCENT_COLOR_NAME = AccentColor;
				CODE_SIGN_ENTITLEMENTS = macOS/macOS.entitlements;
				CODE_SIGN_IDENTITY = "-";
				CODE_SIGN_STYLE = Automatic;
				COMBINE_HIDPI_IMAGES = YES;
				DEVELOPMENT_TEAM = D6A5KP29BP;
				ENABLE_HARDENED_RUNTIME = YES;
				ENABLE_PREVIEWS = YES;
				INFOPLIST_FILE = macOS/Info.plist;
				LD_RUNPATH_SEARCH_PATHS = (
					"$(inherited)",
					"@executable_path/../Frameworks",
				);
				MACOSX_DEPLOYMENT_TARGET = 11.0;
				PRODUCT_BUNDLE_IDENTIFIER = "com.beowulf-tech.LoggerApp";
				PRODUCT_NAME = LoggerApp;
				SDKROOT = macosx;
				SWIFT_VERSION = 5.0;
			};
			name = Debug;
		};
		52AA05B22698AAF100296968 /* Release */ = {
			isa = XCBuildConfiguration;
			buildSettings = {
				ASSETCATALOG_COMPILER_APPICON_NAME = AppIcon;
				ASSETCATALOG_COMPILER_GLOBAL_ACCENT_COLOR_NAME = AccentColor;
				CODE_SIGN_ENTITLEMENTS = macOS/macOS.entitlements;
				CODE_SIGN_IDENTITY = "-";
				CODE_SIGN_STYLE = Automatic;
				COMBINE_HIDPI_IMAGES = YES;
				DEVELOPMENT_TEAM = D6A5KP29BP;
				ENABLE_HARDENED_RUNTIME = YES;
				ENABLE_PREVIEWS = YES;
				INFOPLIST_FILE = macOS/Info.plist;
				LD_RUNPATH_SEARCH_PATHS = (
					"$(inherited)",
					"@executable_path/../Frameworks",
				);
				MACOSX_DEPLOYMENT_TARGET = 11.0;
				PRODUCT_BUNDLE_IDENTIFIER = "com.beowulf-tech.LoggerApp";
				PRODUCT_NAME = LoggerApp;
				SDKROOT = macosx;
				SWIFT_VERSION = 5.0;
			};
			name = Release;
		};
		52AA05B42698AAF100296968 /* Debug */ = {
			isa = XCBuildConfiguration;
			buildSettings = {
				ALWAYS_EMBED_SWIFT_STANDARD_LIBRARIES = YES;
				CODE_SIGN_STYLE = Automatic;
				DEVELOPMENT_TEAM = D6A5KP29BP;
				INFOPLIST_FILE = "Tests iOS/Info.plist";
				IPHONEOS_DEPLOYMENT_TARGET = 14.5;
				LD_RUNPATH_SEARCH_PATHS = (
					"$(inherited)",
					"@executable_path/Frameworks",
					"@loader_path/Frameworks",
				);
				PRODUCT_BUNDLE_IDENTIFIER = "com.beowulf-tech.Tests-iOS";
				PRODUCT_NAME = "$(TARGET_NAME)";
				SDKROOT = iphoneos;
				SWIFT_VERSION = 5.0;
				TARGETED_DEVICE_FAMILY = "1,2";
				TEST_TARGET_NAME = "LoggerApp (iOS)";
			};
			name = Debug;
		};
		52AA05B52698AAF100296968 /* Release */ = {
			isa = XCBuildConfiguration;
			buildSettings = {
				ALWAYS_EMBED_SWIFT_STANDARD_LIBRARIES = YES;
				CODE_SIGN_STYLE = Automatic;
				DEVELOPMENT_TEAM = D6A5KP29BP;
				INFOPLIST_FILE = "Tests iOS/Info.plist";
				IPHONEOS_DEPLOYMENT_TARGET = 14.5;
				LD_RUNPATH_SEARCH_PATHS = (
					"$(inherited)",
					"@executable_path/Frameworks",
					"@loader_path/Frameworks",
				);
				PRODUCT_BUNDLE_IDENTIFIER = "com.beowulf-tech.Tests-iOS";
				PRODUCT_NAME = "$(TARGET_NAME)";
				SDKROOT = iphoneos;
				SWIFT_VERSION = 5.0;
				TARGETED_DEVICE_FAMILY = "1,2";
				TEST_TARGET_NAME = "LoggerApp (iOS)";
				VALIDATE_PRODUCT = YES;
			};
			name = Release;
		};
		52AA05B72698AAF100296968 /* Debug */ = {
			isa = XCBuildConfiguration;
			buildSettings = {
				ALWAYS_EMBED_SWIFT_STANDARD_LIBRARIES = YES;
				CODE_SIGN_STYLE = Automatic;
				COMBINE_HIDPI_IMAGES = YES;
				DEVELOPMENT_TEAM = D6A5KP29BP;
				INFOPLIST_FILE = "Tests macOS/Info.plist";
				LD_RUNPATH_SEARCH_PATHS = (
					"$(inherited)",
					"@executable_path/../Frameworks",
					"@loader_path/../Frameworks",
				);
				MACOSX_DEPLOYMENT_TARGET = 11.3;
				PRODUCT_BUNDLE_IDENTIFIER = "com.beowulf-tech.Tests-macOS";
				PRODUCT_NAME = "$(TARGET_NAME)";
				SDKROOT = macosx;
				SWIFT_VERSION = 5.0;
				TEST_TARGET_NAME = "LoggerApp (macOS)";
			};
			name = Debug;
		};
		52AA05B82698AAF100296968 /* Release */ = {
			isa = XCBuildConfiguration;
			buildSettings = {
				ALWAYS_EMBED_SWIFT_STANDARD_LIBRARIES = YES;
				CODE_SIGN_STYLE = Automatic;
				COMBINE_HIDPI_IMAGES = YES;
				DEVELOPMENT_TEAM = D6A5KP29BP;
				INFOPLIST_FILE = "Tests macOS/Info.plist";
				LD_RUNPATH_SEARCH_PATHS = (
					"$(inherited)",
					"@executable_path/../Frameworks",
					"@loader_path/../Frameworks",
				);
				MACOSX_DEPLOYMENT_TARGET = 11.3;
				PRODUCT_BUNDLE_IDENTIFIER = "com.beowulf-tech.Tests-macOS";
				PRODUCT_NAME = "$(TARGET_NAME)";
				SDKROOT = macosx;
				SWIFT_VERSION = 5.0;
				TEST_TARGET_NAME = "LoggerApp (macOS)";
			};
			name = Release;
		};
/* End XCBuildConfiguration section */

/* Begin XCConfigurationList section */
		52AA057A2698AAF000296968 /* Build configuration list for PBXProject "LoggerApp" */ = {
			isa = XCConfigurationList;
			buildConfigurations = (
				52AA05AB2698AAF100296968 /* Debug */,
				52AA05AC2698AAF100296968 /* Release */,
			);
			defaultConfigurationIsVisible = 0;
			defaultConfigurationName = Release;
		};
		52AA05AD2698AAF100296968 /* Build configuration list for PBXNativeTarget "LoggerApp (iOS)" */ = {
			isa = XCConfigurationList;
			buildConfigurations = (
				52AA05AE2698AAF100296968 /* Debug */,
				52AA05AF2698AAF100296968 /* Release */,
			);
			defaultConfigurationIsVisible = 0;
			defaultConfigurationName = Release;
		};
		52AA05B02698AAF100296968 /* Build configuration list for PBXNativeTarget "LoggerApp (macOS)" */ = {
			isa = XCConfigurationList;
			buildConfigurations = (
				52AA05B12698AAF100296968 /* Debug */,
				52AA05B22698AAF100296968 /* Release */,
			);
			defaultConfigurationIsVisible = 0;
			defaultConfigurationName = Release;
		};
		52AA05B32698AAF100296968 /* Build configuration list for PBXNativeTarget "Tests iOS" */ = {
			isa = XCConfigurationList;
			buildConfigurations = (
				52AA05B42698AAF100296968 /* Debug */,
				52AA05B52698AAF100296968 /* Release */,
			);
			defaultConfigurationIsVisible = 0;
			defaultConfigurationName = Release;
		};
		52AA05B62698AAF100296968 /* Build configuration list for PBXNativeTarget "Tests macOS" */ = {
			isa = XCConfigurationList;
			buildConfigurations = (
				52AA05B72698AAF100296968 /* Debug */,
				52AA05B82698AAF100296968 /* Release */,
			);
			defaultConfigurationIsVisible = 0;
			defaultConfigurationName = Release;
		};
/* End XCConfigurationList section */

/* Begin XCRemoteSwiftPackageReference section */
		52F2994A2698ABD000FADC26 /* XCRemoteSwiftPackageReference "BwLogger" */ = {
			isa = XCRemoteSwiftPackageReference;
			repositoryURL = "git@github.com:BlueEventHorizon/BwLogger.git";
			requirement = {
				branch = main;
				kind = branch;
			};
		};
/* End XCRemoteSwiftPackageReference section */

/* Begin XCSwiftPackageProductDependency section */
		52F2994B2698ABD000FADC26 /* BwLogger */ = {
			isa = XCSwiftPackageProductDependency;
			package = 52F2994A2698ABD000FADC26 /* XCRemoteSwiftPackageReference "BwLogger" */;
			productName = BwLogger;
		};
/* End XCSwiftPackageProductDependency section */
	};
	rootObject = 52AA05772698AAF000296968 /* Project object */;
}
