// !$*UTF8*$!
{
	archiveVersion = 1;
	classes = {
	};
	objectVersion = 56;
	objects = {

/* Begin PBXBuildFile section */
		76B6C34D290923D60046C9F8 /* LogMonitorApp.swift in Sources */ = {isa = PBXBuildFile; fileRef = 76B6C34C290923D60046C9F8 /* LogMonitorApp.swift */; };
		76B6C34F290923D60046C9F8 /* ContentView.swift in Sources */ = {isa = PBXBuildFile; fileRef = 76B6C34E290923D60046C9F8 /* ContentView.swift */; };
		76B6C351290923D60046C9F8 /* Assets.xcassets in Resources */ = {isa = PBXBuildFile; fileRef = 76B6C350290923D60046C9F8 /* Assets.xcassets */; };
		76B6C355290923D60046C9F8 /* Preview Assets.xcassets in Resources */ = {isa = PBXBuildFile; fileRef = 76B6C354290923D60046C9F8 /* Preview Assets.xcassets */; };
		76B6C35F290923D70046C9F8 /* InRoomLogMonitorTests.swift in Sources */ = {isa = PBXBuildFile; fileRef = 76B6C35E290923D70046C9F8 /* InRoomLogMonitorTests.swift */; };
		76B6C369290923D70046C9F8 /* InRoomLogMonitorUITests.swift in Sources */ = {isa = PBXBuildFile; fileRef = 76B6C368290923D70046C9F8 /* InRoomLogMonitorUITests.swift */; };
		76B6C36B290923D70046C9F8 /* InRoomLogMonitorUITestsLaunchTests.swift in Sources */ = {isa = PBXBuildFile; fileRef = 76B6C36A290923D70046C9F8 /* InRoomLogMonitorUITestsLaunchTests.swift */; };
/* End PBXBuildFile section */

/* Begin PBXContainerItemProxy section */
		76B6C35B290923D70046C9F8 /* PBXContainerItemProxy */ = {
			isa = PBXContainerItemProxy;
			containerPortal = 76B6C341290923D60046C9F8 /* Project object */;
			proxyType = 1;
			remoteGlobalIDString = 76B6C348290923D60046C9F8;
			remoteInfo = InRoomLogMonitor;
		};
		76B6C365290923D70046C9F8 /* PBXContainerItemProxy */ = {
			isa = PBXContainerItemProxy;
			containerPortal = 76B6C341290923D60046C9F8 /* Project object */;
			proxyType = 1;
			remoteGlobalIDString = 76B6C348290923D60046C9F8;
			remoteInfo = InRoomLogMonitor;
		};
/* End PBXContainerItemProxy section */

/* Begin PBXFileReference section */
		76B6C349290923D60046C9F8 /* InRoomLogMonitor.app */ = {isa = PBXFileReference; explicitFileType = wrapper.application; includeInIndex = 0; path = InRoomLogMonitor.app; sourceTree = BUILT_PRODUCTS_DIR; };
		76B6C34C290923D60046C9F8 /* LogMonitorApp.swift */ = {isa = PBXFileReference; lastKnownFileType = sourcecode.swift; path = LogMonitorApp.swift; sourceTree = "<group>"; };
		76B6C34E290923D60046C9F8 /* ContentView.swift */ = {isa = PBXFileReference; lastKnownFileType = sourcecode.swift; path = ContentView.swift; sourceTree = "<group>"; };
		76B6C350290923D60046C9F8 /* Assets.xcassets */ = {isa = PBXFileReference; lastKnownFileType = folder.assetcatalog; path = Assets.xcassets; sourceTree = "<group>"; };
		76B6C352290923D60046C9F8 /* InRoomLogMonitor.entitlements */ = {isa = PBXFileReference; lastKnownFileType = text.plist.entitlements; path = InRoomLogMonitor.entitlements; sourceTree = "<group>"; };
		76B6C354290923D60046C9F8 /* Preview Assets.xcassets */ = {isa = PBXFileReference; lastKnownFileType = folder.assetcatalog; path = "Preview Assets.xcassets"; sourceTree = "<group>"; };
		76B6C35A290923D70046C9F8 /* InRoomLogMonitorTests.xctest */ = {isa = PBXFileReference; explicitFileType = wrapper.cfbundle; includeInIndex = 0; path = InRoomLogMonitorTests.xctest; sourceTree = BUILT_PRODUCTS_DIR; };
		76B6C35E290923D70046C9F8 /* InRoomLogMonitorTests.swift */ = {isa = PBXFileReference; lastKnownFileType = sourcecode.swift; path = InRoomLogMonitorTests.swift; sourceTree = "<group>"; };
		76B6C364290923D70046C9F8 /* InRoomLogMonitorUITests.xctest */ = {isa = PBXFileReference; explicitFileType = wrapper.cfbundle; includeInIndex = 0; path = InRoomLogMonitorUITests.xctest; sourceTree = BUILT_PRODUCTS_DIR; };
		76B6C368290923D70046C9F8 /* InRoomLogMonitorUITests.swift */ = {isa = PBXFileReference; lastKnownFileType = sourcecode.swift; path = InRoomLogMonitorUITests.swift; sourceTree = "<group>"; };
		76B6C36A290923D70046C9F8 /* InRoomLogMonitorUITestsLaunchTests.swift */ = {isa = PBXFileReference; lastKnownFileType = sourcecode.swift; path = InRoomLogMonitorUITestsLaunchTests.swift; sourceTree = "<group>"; };
/* End PBXFileReference section */

/* Begin PBXFrameworksBuildPhase section */
		76B6C346290923D60046C9F8 /* Frameworks */ = {
			isa = PBXFrameworksBuildPhase;
			buildActionMask = 2147483647;
			files = (
			);
			runOnlyForDeploymentPostprocessing = 0;
		};
		76B6C357290923D70046C9F8 /* Frameworks */ = {
			isa = PBXFrameworksBuildPhase;
			buildActionMask = 2147483647;
			files = (
			);
			runOnlyForDeploymentPostprocessing = 0;
		};
		76B6C361290923D70046C9F8 /* Frameworks */ = {
			isa = PBXFrameworksBuildPhase;
			buildActionMask = 2147483647;
			files = (
			);
			runOnlyForDeploymentPostprocessing = 0;
		};
/* End PBXFrameworksBuildPhase section */

/* Begin PBXGroup section */
		76B6C340290923D60046C9F8 = {
			isa = PBXGroup;
			children = (
				76B6C34B290923D60046C9F8 /* InRoomLogMonitor */,
				76B6C35D290923D70046C9F8 /* InRoomLogMonitorTests */,
				76B6C367290923D70046C9F8 /* InRoomLogMonitorUITests */,
				76B6C34A290923D60046C9F8 /* Products */,
			);
			sourceTree = "<group>";
		};
		76B6C34A290923D60046C9F8 /* Products */ = {
			isa = PBXGroup;
			children = (
				76B6C349290923D60046C9F8 /* InRoomLogMonitor.app */,
				76B6C35A290923D70046C9F8 /* InRoomLogMonitorTests.xctest */,
				76B6C364290923D70046C9F8 /* InRoomLogMonitorUITests.xctest */,
			);
			name = Products;
			sourceTree = "<group>";
		};
		76B6C34B290923D60046C9F8 /* InRoomLogMonitor */ = {
			isa = PBXGroup;
			children = (
				76B6C34C290923D60046C9F8 /* LogMonitorApp.swift */,
				76B6C34E290923D60046C9F8 /* ContentView.swift */,
				76B6C350290923D60046C9F8 /* Assets.xcassets */,
				76B6C352290923D60046C9F8 /* InRoomLogMonitor.entitlements */,
				76B6C353290923D60046C9F8 /* Preview Content */,
			);
			path = InRoomLogMonitor;
			sourceTree = "<group>";
		};
		76B6C353290923D60046C9F8 /* Preview Content */ = {
			isa = PBXGroup;
			children = (
				76B6C354290923D60046C9F8 /* Preview Assets.xcassets */,
			);
			path = "Preview Content";
			sourceTree = "<group>";
		};
		76B6C35D290923D70046C9F8 /* InRoomLogMonitorTests */ = {
			isa = PBXGroup;
			children = (
				76B6C35E290923D70046C9F8 /* InRoomLogMonitorTests.swift */,
			);
			path = InRoomLogMonitorTests;
			sourceTree = "<group>";
		};
		76B6C367290923D70046C9F8 /* InRoomLogMonitorUITests */ = {
			isa = PBXGroup;
			children = (
				76B6C368290923D70046C9F8 /* InRoomLogMonitorUITests.swift */,
				76B6C36A290923D70046C9F8 /* InRoomLogMonitorUITestsLaunchTests.swift */,
			);
			path = InRoomLogMonitorUITests;
			sourceTree = "<group>";
		};
/* End PBXGroup section */

/* Begin PBXNativeTarget section */
		76B6C348290923D60046C9F8 /* InRoomLogMonitor */ = {
			isa = PBXNativeTarget;
			buildConfigurationList = 76B6C36E290923D70046C9F8 /* Build configuration list for PBXNativeTarget "InRoomLogMonitor" */;
			buildPhases = (
				76B6C345290923D60046C9F8 /* Sources */,
				76B6C346290923D60046C9F8 /* Frameworks */,
				76B6C347290923D60046C9F8 /* Resources */,
			);
			buildRules = (
			);
			dependencies = (
			);
			name = InRoomLogMonitor;
			productName = InRoomLogMonitor;
			productReference = 76B6C349290923D60046C9F8 /* InRoomLogMonitor.app */;
			productType = "com.apple.product-type.application";
		};
		76B6C359290923D70046C9F8 /* InRoomLogMonitorTests */ = {
			isa = PBXNativeTarget;
			buildConfigurationList = 76B6C371290923D70046C9F8 /* Build configuration list for PBXNativeTarget "InRoomLogMonitorTests" */;
			buildPhases = (
				76B6C356290923D70046C9F8 /* Sources */,
				76B6C357290923D70046C9F8 /* Frameworks */,
				76B6C358290923D70046C9F8 /* Resources */,
			);
			buildRules = (
			);
			dependencies = (
				76B6C35C290923D70046C9F8 /* PBXTargetDependency */,
			);
			name = InRoomLogMonitorTests;
			productName = InRoomLogMonitorTests;
			productReference = 76B6C35A290923D70046C9F8 /* InRoomLogMonitorTests.xctest */;
			productType = "com.apple.product-type.bundle.unit-test";
		};
		76B6C363290923D70046C9F8 /* InRoomLogMonitorUITests */ = {
			isa = PBXNativeTarget;
			buildConfigurationList = 76B6C374290923D70046C9F8 /* Build configuration list for PBXNativeTarget "InRoomLogMonitorUITests" */;
			buildPhases = (
				76B6C360290923D70046C9F8 /* Sources */,
				76B6C361290923D70046C9F8 /* Frameworks */,
				76B6C362290923D70046C9F8 /* Resources */,
			);
			buildRules = (
			);
			dependencies = (
				76B6C366290923D70046C9F8 /* PBXTargetDependency */,
			);
			name = InRoomLogMonitorUITests;
			productName = InRoomLogMonitorUITests;
			productReference = 76B6C364290923D70046C9F8 /* InRoomLogMonitorUITests.xctest */;
			productType = "com.apple.product-type.bundle.ui-testing";
		};
/* End PBXNativeTarget section */

/* Begin PBXProject section */
		76B6C341290923D60046C9F8 /* Project object */ = {
			isa = PBXProject;
			attributes = {
				BuildIndependentTargetsInParallel = 1;
				LastSwiftUpdateCheck = 1400;
				LastUpgradeCheck = 1400;
				TargetAttributes = {
					76B6C348290923D60046C9F8 = {
						CreatedOnToolsVersion = 14.0.1;
					};
					76B6C359290923D70046C9F8 = {
						CreatedOnToolsVersion = 14.0.1;
						TestTargetID = 76B6C348290923D60046C9F8;
					};
					76B6C363290923D70046C9F8 = {
						CreatedOnToolsVersion = 14.0.1;
						TestTargetID = 76B6C348290923D60046C9F8;
					};
				};
			};
			buildConfigurationList = 76B6C344290923D60046C9F8 /* Build configuration list for PBXProject "InRoomLogMonitor" */;
			compatibilityVersion = "Xcode 14.0";
			developmentRegion = en;
			hasScannedForEncodings = 0;
			knownRegions = (
				en,
				Base,
			);
			mainGroup = 76B6C340290923D60046C9F8;
			productRefGroup = 76B6C34A290923D60046C9F8 /* Products */;
			projectDirPath = "";
			projectRoot = "";
			targets = (
				76B6C348290923D60046C9F8 /* InRoomLogMonitor */,
				76B6C359290923D70046C9F8 /* InRoomLogMonitorTests */,
				76B6C363290923D70046C9F8 /* InRoomLogMonitorUITests */,
			);
		};
/* End PBXProject section */

/* Begin PBXResourcesBuildPhase section */
		76B6C347290923D60046C9F8 /* Resources */ = {
			isa = PBXResourcesBuildPhase;
			buildActionMask = 2147483647;
			files = (
				76B6C355290923D60046C9F8 /* Preview Assets.xcassets in Resources */,
				76B6C351290923D60046C9F8 /* Assets.xcassets in Resources */,
			);
			runOnlyForDeploymentPostprocessing = 0;
		};
		76B6C358290923D70046C9F8 /* Resources */ = {
			isa = PBXResourcesBuildPhase;
			buildActionMask = 2147483647;
			files = (
			);
			runOnlyForDeploymentPostprocessing = 0;
		};
		76B6C362290923D70046C9F8 /* Resources */ = {
			isa = PBXResourcesBuildPhase;
			buildActionMask = 2147483647;
			files = (
			);
			runOnlyForDeploymentPostprocessing = 0;
		};
/* End PBXResourcesBuildPhase section */

/* Begin PBXSourcesBuildPhase section */
		76B6C345290923D60046C9F8 /* Sources */ = {
			isa = PBXSourcesBuildPhase;
			buildActionMask = 2147483647;
			files = (
				76B6C34F290923D60046C9F8 /* ContentView.swift in Sources */,
				76B6C34D290923D60046C9F8 /* LogMonitorApp.swift in Sources */,
			);
			runOnlyForDeploymentPostprocessing = 0;
		};
		76B6C356290923D70046C9F8 /* Sources */ = {
			isa = PBXSourcesBuildPhase;
			buildActionMask = 2147483647;
			files = (
				76B6C35F290923D70046C9F8 /* InRoomLogMonitorTests.swift in Sources */,
			);
			runOnlyForDeploymentPostprocessing = 0;
		};
		76B6C360290923D70046C9F8 /* Sources */ = {
			isa = PBXSourcesBuildPhase;
			buildActionMask = 2147483647;
			files = (
				76B6C36B290923D70046C9F8 /* InRoomLogMonitorUITestsLaunchTests.swift in Sources */,
				76B6C369290923D70046C9F8 /* InRoomLogMonitorUITests.swift in Sources */,
			);
			runOnlyForDeploymentPostprocessing = 0;
		};
/* End PBXSourcesBuildPhase section */

/* Begin PBXTargetDependency section */
		76B6C35C290923D70046C9F8 /* PBXTargetDependency */ = {
			isa = PBXTargetDependency;
			target = 76B6C348290923D60046C9F8 /* InRoomLogMonitor */;
			targetProxy = 76B6C35B290923D70046C9F8 /* PBXContainerItemProxy */;
		};
		76B6C366290923D70046C9F8 /* PBXTargetDependency */ = {
			isa = PBXTargetDependency;
			target = 76B6C348290923D60046C9F8 /* InRoomLogMonitor */;
			targetProxy = 76B6C365290923D70046C9F8 /* PBXContainerItemProxy */;
		};
/* End PBXTargetDependency section */

/* Begin XCBuildConfiguration section */
		76B6C36C290923D70046C9F8 /* Debug */ = {
			isa = XCBuildConfiguration;
			buildSettings = {
				ALWAYS_SEARCH_USER_PATHS = NO;
				CLANG_ANALYZER_NONNULL = YES;
				CLANG_ANALYZER_NUMBER_OBJECT_CONVERSION = YES_AGGRESSIVE;
				CLANG_CXX_LANGUAGE_STANDARD = "gnu++20";
				CLANG_ENABLE_MODULES = YES;
				CLANG_ENABLE_OBJC_ARC = YES;
				CLANG_ENABLE_OBJC_WEAK = YES;
				CLANG_WARN_BLOCK_CAPTURE_AUTORELEASING = YES;
				CLANG_WARN_BOOL_CONVERSION = YES;
				CLANG_WARN_COMMA = YES;
				CLANG_WARN_CONSTANT_CONVERSION = YES;
				CLANG_WARN_DEPRECATED_OBJC_IMPLEMENTATIONS = YES;
				CLANG_WARN_DIRECT_OBJC_ISA_USAGE = YES_ERROR;
				CLANG_WARN_DOCUMENTATION_COMMENTS = YES;
				CLANG_WARN_EMPTY_BODY = YES;
				CLANG_WARN_ENUM_CONVERSION = YES;
				CLANG_WARN_INFINITE_RECURSION = YES;
				CLANG_WARN_INT_CONVERSION = YES;
				CLANG_WARN_NON_LITERAL_NULL_CONVERSION = YES;
				CLANG_WARN_OBJC_IMPLICIT_RETAIN_SELF = YES;
				CLANG_WARN_OBJC_LITERAL_CONVERSION = YES;
				CLANG_WARN_OBJC_ROOT_CLASS = YES_ERROR;
				CLANG_WARN_QUOTED_INCLUDE_IN_FRAMEWORK_HEADER = YES;
				CLANG_WARN_RANGE_LOOP_ANALYSIS = YES;
				CLANG_WARN_STRICT_PROTOTYPES = YES;
				CLANG_WARN_SUSPICIOUS_MOVE = YES;
				CLANG_WARN_UNGUARDED_AVAILABILITY = YES_AGGRESSIVE;
				CLANG_WARN_UNREACHABLE_CODE = YES;
				CLANG_WARN__DUPLICATE_METHOD_MATCH = YES;
				COPY_PHASE_STRIP = NO;
				DEBUG_INFORMATION_FORMAT = dwarf;
				ENABLE_STRICT_OBJC_MSGSEND = YES;
				ENABLE_TESTABILITY = YES;
				GCC_C_LANGUAGE_STANDARD = gnu11;
				GCC_DYNAMIC_NO_PIC = NO;
				GCC_NO_COMMON_BLOCKS = YES;
				GCC_OPTIMIZATION_LEVEL = 0;
				GCC_PREPROCESSOR_DEFINITIONS = (
					"DEBUG=1",
					"$(inherited)",
				);
				GCC_WARN_64_TO_32_BIT_CONVERSION = YES;
				GCC_WARN_ABOUT_RETURN_TYPE = YES_ERROR;
				GCC_WARN_UNDECLARED_SELECTOR = YES;
				GCC_WARN_UNINITIALIZED_AUTOS = YES_AGGRESSIVE;
				GCC_WARN_UNUSED_FUNCTION = YES;
				GCC_WARN_UNUSED_VARIABLE = YES;
				MTL_ENABLE_DEBUG_INFO = INCLUDE_SOURCE;
				MTL_FAST_MATH = YES;
				ONLY_ACTIVE_ARCH = YES;
				SWIFT_ACTIVE_COMPILATION_CONDITIONS = DEBUG;
				SWIFT_OPTIMIZATION_LEVEL = "-Onone";
			};
			name = Debug;
		};
		76B6C36D290923D70046C9F8 /* Release */ = {
			isa = XCBuildConfiguration;
			buildSettings = {
				ALWAYS_SEARCH_USER_PATHS = NO;
				CLANG_ANALYZER_NONNULL = YES;
				CLANG_ANALYZER_NUMBER_OBJECT_CONVERSION = YES_AGGRESSIVE;
				CLANG_CXX_LANGUAGE_STANDARD = "gnu++20";
				CLANG_ENABLE_MODULES = YES;
				CLANG_ENABLE_OBJC_ARC = YES;
				CLANG_ENABLE_OBJC_WEAK = YES;
				CLANG_WARN_BLOCK_CAPTURE_AUTORELEASING = YES;
				CLANG_WARN_BOOL_CONVERSION = YES;
				CLANG_WARN_COMMA = YES;
				CLANG_WARN_CONSTANT_CONVERSION = YES;
				CLANG_WARN_DEPRECATED_OBJC_IMPLEMENTATIONS = YES;
				CLANG_WARN_DIRECT_OBJC_ISA_USAGE = YES_ERROR;
				CLANG_WARN_DOCUMENTATION_COMMENTS = YES;
				CLANG_WARN_EMPTY_BODY = YES;
				CLANG_WARN_ENUM_CONVERSION = YES;
				CLANG_WARN_INFINITE_RECURSION = YES;
				CLANG_WARN_INT_CONVERSION = YES;
				CLANG_WARN_NON_LITERAL_NULL_CONVERSION = YES;
				CLANG_WARN_OBJC_IMPLICIT_RETAIN_SELF = YES;
				CLANG_WARN_OBJC_LITERAL_CONVERSION = YES;
				CLANG_WARN_OBJC_ROOT_CLASS = YES_ERROR;
				CLANG_WARN_QUOTED_INCLUDE_IN_FRAMEWORK_HEADER = YES;
				CLANG_WARN_RANGE_LOOP_ANALYSIS = YES;
				CLANG_WARN_STRICT_PROTOTYPES = YES;
				CLANG_WARN_SUSPICIOUS_MOVE = YES;
				CLANG_WARN_UNGUARDED_AVAILABILITY = YES_AGGRESSIVE;
				CLANG_WARN_UNREACHABLE_CODE = YES;
				CLANG_WARN__DUPLICATE_METHOD_MATCH = YES;
				COPY_PHASE_STRIP = NO;
				DEBUG_INFORMATION_FORMAT = "dwarf-with-dsym";
				ENABLE_NS_ASSERTIONS = NO;
				ENABLE_STRICT_OBJC_MSGSEND = YES;
				GCC_C_LANGUAGE_STANDARD = gnu11;
				GCC_NO_COMMON_BLOCKS = YES;
				GCC_WARN_64_TO_32_BIT_CONVERSION = YES;
				GCC_WARN_ABOUT_RETURN_TYPE = YES_ERROR;
				GCC_WARN_UNDECLARED_SELECTOR = YES;
				GCC_WARN_UNINITIALIZED_AUTOS = YES_AGGRESSIVE;
				GCC_WARN_UNUSED_FUNCTION = YES;
				GCC_WARN_UNUSED_VARIABLE = YES;
				MTL_ENABLE_DEBUG_INFO = NO;
				MTL_FAST_MATH = YES;
				SWIFT_COMPILATION_MODE = wholemodule;
				SWIFT_OPTIMIZATION_LEVEL = "-O";
			};
			name = Release;
		};
		76B6C36F290923D70046C9F8 /* Debug */ = {
			isa = XCBuildConfiguration;
			buildSettings = {
				ASSETCATALOG_COMPILER_APPICON_NAME = AppIcon;
				ASSETCATALOG_COMPILER_GLOBAL_ACCENT_COLOR_NAME = AccentColor;
				CODE_SIGN_ENTITLEMENTS = InRoomLogMonitor/InRoomLogMonitor.entitlements;
				CODE_SIGN_STYLE = Automatic;
				CURRENT_PROJECT_VERSION = 1;
				DEVELOPMENT_ASSET_PATHS = "\"InRoomLogMonitor/Preview Content\"";
				DEVELOPMENT_TEAM = D6A5KP29BP;
				ENABLE_HARDENED_RUNTIME = YES;
				ENABLE_PREVIEWS = YES;
				GENERATE_INFOPLIST_FILE = YES;
				"INFOPLIST_KEY_UIApplicationSceneManifest_Generation[sdk=iphoneos*]" = YES;
				"INFOPLIST_KEY_UIApplicationSceneManifest_Generation[sdk=iphonesimulator*]" = YES;
				"INFOPLIST_KEY_UIApplicationSupportsIndirectInputEvents[sdk=iphoneos*]" = YES;
				"INFOPLIST_KEY_UIApplicationSupportsIndirectInputEvents[sdk=iphonesimulator*]" = YES;
				"INFOPLIST_KEY_UILaunchScreen_Generation[sdk=iphoneos*]" = YES;
				"INFOPLIST_KEY_UILaunchScreen_Generation[sdk=iphonesimulator*]" = YES;
				"INFOPLIST_KEY_UIStatusBarStyle[sdk=iphoneos*]" = UIStatusBarStyleDefault;
				"INFOPLIST_KEY_UIStatusBarStyle[sdk=iphonesimulator*]" = UIStatusBarStyleDefault;
				INFOPLIST_KEY_UISupportedInterfaceOrientations_iPad = "UIInterfaceOrientationPortrait UIInterfaceOrientationPortraitUpsideDown UIInterfaceOrientationLandscapeLeft UIInterfaceOrientationLandscapeRight";
				INFOPLIST_KEY_UISupportedInterfaceOrientations_iPhone = "UIInterfaceOrientationPortrait UIInterfaceOrientationLandscapeLeft UIInterfaceOrientationLandscapeRight";
				IPHONEOS_DEPLOYMENT_TARGET = 16.0;
				LD_RUNPATH_SEARCH_PATHS = "@executable_path/Frameworks";
				"LD_RUNPATH_SEARCH_PATHS[sdk=macosx*]" = "@executable_path/../Frameworks";
				MACOSX_DEPLOYMENT_TARGET = 12.3;
				MARKETING_VERSION = 1.0;
				PRODUCT_BUNDLE_IDENTIFIER = "com.beowulf-tech.InRoomLogMonitor";
				PRODUCT_NAME = "$(TARGET_NAME)";
				SDKROOT = auto;
				SUPPORTED_PLATFORMS = "iphoneos iphonesimulator macosx";
				SWIFT_EMIT_LOC_STRINGS = YES;
				SWIFT_VERSION = 5.0;
				TARGETED_DEVICE_FAMILY = "1,2";
			};
			name = Debug;
		};
		76B6C370290923D70046C9F8 /* Release */ = {
			isa = XCBuildConfiguration;
			buildSettings = {
				ASSETCATALOG_COMPILER_APPICON_NAME = AppIcon;
				ASSETCATALOG_COMPILER_GLOBAL_ACCENT_COLOR_NAME = AccentColor;
				CODE_SIGN_ENTITLEMENTS = InRoomLogMonitor/InRoomLogMonitor.entitlements;
				CODE_SIGN_STYLE = Automatic;
				CURRENT_PROJECT_VERSION = 1;
				DEVELOPMENT_ASSET_PATHS = "\"InRoomLogMonitor/Preview Content\"";
				DEVELOPMENT_TEAM = D6A5KP29BP;
				ENABLE_HARDENED_RUNTIME = YES;
				ENABLE_PREVIEWS = YES;
				GENERATE_INFOPLIST_FILE = YES;
				"INFOPLIST_KEY_UIApplicationSceneManifest_Generation[sdk=iphoneos*]" = YES;
				"INFOPLIST_KEY_UIApplicationSceneManifest_Generation[sdk=iphonesimulator*]" = YES;
				"INFOPLIST_KEY_UIApplicationSupportsIndirectInputEvents[sdk=iphoneos*]" = YES;
				"INFOPLIST_KEY_UIApplicationSupportsIndirectInputEvents[sdk=iphonesimulator*]" = YES;
				"INFOPLIST_KEY_UILaunchScreen_Generation[sdk=iphoneos*]" = YES;
				"INFOPLIST_KEY_UILaunchScreen_Generation[sdk=iphonesimulator*]" = YES;
				"INFOPLIST_KEY_UIStatusBarStyle[sdk=iphoneos*]" = UIStatusBarStyleDefault;
				"INFOPLIST_KEY_UIStatusBarStyle[sdk=iphonesimulator*]" = UIStatusBarStyleDefault;
				INFOPLIST_KEY_UISupportedInterfaceOrientations_iPad = "UIInterfaceOrientationPortrait UIInterfaceOrientationPortraitUpsideDown UIInterfaceOrientationLandscapeLeft UIInterfaceOrientationLandscapeRight";
				INFOPLIST_KEY_UISupportedInterfaceOrientations_iPhone = "UIInterfaceOrientationPortrait UIInterfaceOrientationLandscapeLeft UIInterfaceOrientationLandscapeRight";
				IPHONEOS_DEPLOYMENT_TARGET = 16.0;
				LD_RUNPATH_SEARCH_PATHS = "@executable_path/Frameworks";
				"LD_RUNPATH_SEARCH_PATHS[sdk=macosx*]" = "@executable_path/../Frameworks";
				MACOSX_DEPLOYMENT_TARGET = 12.3;
				MARKETING_VERSION = 1.0;
				PRODUCT_BUNDLE_IDENTIFIER = "com.beowulf-tech.InRoomLogMonitor";
				PRODUCT_NAME = "$(TARGET_NAME)";
				SDKROOT = auto;
				SUPPORTED_PLATFORMS = "iphoneos iphonesimulator macosx";
				SWIFT_EMIT_LOC_STRINGS = YES;
				SWIFT_VERSION = 5.0;
				TARGETED_DEVICE_FAMILY = "1,2";
			};
			name = Release;
		};
		76B6C372290923D70046C9F8 /* Debug */ = {
			isa = XCBuildConfiguration;
			buildSettings = {
				ALWAYS_EMBED_SWIFT_STANDARD_LIBRARIES = YES;
				BUNDLE_LOADER = "$(TEST_HOST)";
				CODE_SIGN_STYLE = Automatic;
				CURRENT_PROJECT_VERSION = 1;
				DEVELOPMENT_TEAM = D6A5KP29BP;
				GENERATE_INFOPLIST_FILE = YES;
				IPHONEOS_DEPLOYMENT_TARGET = 16.0;
				MACOSX_DEPLOYMENT_TARGET = 12.3;
				MARKETING_VERSION = 1.0;
				PRODUCT_BUNDLE_IDENTIFIER = "com.beowulf-tech.InRoomLogMonitorTests";
				PRODUCT_NAME = "$(TARGET_NAME)";
				SDKROOT = auto;
				SUPPORTED_PLATFORMS = "iphoneos iphonesimulator macosx";
				SWIFT_EMIT_LOC_STRINGS = NO;
				SWIFT_VERSION = 5.0;
				TARGETED_DEVICE_FAMILY = "1,2";
				TEST_HOST = "$(BUILT_PRODUCTS_DIR)/InRoomLogMonitor.app/$(BUNDLE_EXECUTABLE_FOLDER_PATH)/InRoomLogMonitor";
			};
			name = Debug;
		};
		76B6C373290923D70046C9F8 /* Release */ = {
			isa = XCBuildConfiguration;
			buildSettings = {
				ALWAYS_EMBED_SWIFT_STANDARD_LIBRARIES = YES;
				BUNDLE_LOADER = "$(TEST_HOST)";
				CODE_SIGN_STYLE = Automatic;
				CURRENT_PROJECT_VERSION = 1;
				DEVELOPMENT_TEAM = D6A5KP29BP;
				GENERATE_INFOPLIST_FILE = YES;
				IPHONEOS_DEPLOYMENT_TARGET = 16.0;
				MACOSX_DEPLOYMENT_TARGET = 12.3;
				MARKETING_VERSION = 1.0;
				PRODUCT_BUNDLE_IDENTIFIER = "com.beowulf-tech.InRoomLogMonitorTests";
				PRODUCT_NAME = "$(TARGET_NAME)";
				SDKROOT = auto;
				SUPPORTED_PLATFORMS = "iphoneos iphonesimulator macosx";
				SWIFT_EMIT_LOC_STRINGS = NO;
				SWIFT_VERSION = 5.0;
				TARGETED_DEVICE_FAMILY = "1,2";
				TEST_HOST = "$(BUILT_PRODUCTS_DIR)/InRoomLogMonitor.app/$(BUNDLE_EXECUTABLE_FOLDER_PATH)/InRoomLogMonitor";
			};
			name = Release;
		};
		76B6C375290923D70046C9F8 /* Debug */ = {
			isa = XCBuildConfiguration;
			buildSettings = {
				ALWAYS_EMBED_SWIFT_STANDARD_LIBRARIES = YES;
				CODE_SIGN_STYLE = Automatic;
				CURRENT_PROJECT_VERSION = 1;
				DEVELOPMENT_TEAM = D6A5KP29BP;
				GENERATE_INFOPLIST_FILE = YES;
				IPHONEOS_DEPLOYMENT_TARGET = 16.0;
				MACOSX_DEPLOYMENT_TARGET = 12.3;
				MARKETING_VERSION = 1.0;
				PRODUCT_BUNDLE_IDENTIFIER = "com.beowulf-tech.InRoomLogMonitorUITests";
				PRODUCT_NAME = "$(TARGET_NAME)";
				SDKROOT = auto;
				SUPPORTED_PLATFORMS = "iphoneos iphonesimulator macosx";
				SWIFT_EMIT_LOC_STRINGS = NO;
				SWIFT_VERSION = 5.0;
				TARGETED_DEVICE_FAMILY = "1,2";
				TEST_TARGET_NAME = InRoomLogMonitor;
			};
			name = Debug;
		};
		76B6C376290923D70046C9F8 /* Release */ = {
			isa = XCBuildConfiguration;
			buildSettings = {
				ALWAYS_EMBED_SWIFT_STANDARD_LIBRARIES = YES;
				CODE_SIGN_STYLE = Automatic;
				CURRENT_PROJECT_VERSION = 1;
				DEVELOPMENT_TEAM = D6A5KP29BP;
				GENERATE_INFOPLIST_FILE = YES;
				IPHONEOS_DEPLOYMENT_TARGET = 16.0;
				MACOSX_DEPLOYMENT_TARGET = 12.3;
				MARKETING_VERSION = 1.0;
				PRODUCT_BUNDLE_IDENTIFIER = "com.beowulf-tech.InRoomLogMonitorUITests";
				PRODUCT_NAME = "$(TARGET_NAME)";
				SDKROOT = auto;
				SUPPORTED_PLATFORMS = "iphoneos iphonesimulator macosx";
				SWIFT_EMIT_LOC_STRINGS = NO;
				SWIFT_VERSION = 5.0;
				TARGETED_DEVICE_FAMILY = "1,2";
				TEST_TARGET_NAME = InRoomLogMonitor;
			};
			name = Release;
		};
/* End XCBuildConfiguration section */

/* Begin XCConfigurationList section */
		76B6C344290923D60046C9F8 /* Build configuration list for PBXProject "InRoomLogMonitor" */ = {
			isa = XCConfigurationList;
			buildConfigurations = (
				76B6C36C290923D70046C9F8 /* Debug */,
				76B6C36D290923D70046C9F8 /* Release */,
			);
			defaultConfigurationIsVisible = 0;
			defaultConfigurationName = Release;
		};
		76B6C36E290923D70046C9F8 /* Build configuration list for PBXNativeTarget "InRoomLogMonitor" */ = {
			isa = XCConfigurationList;
			buildConfigurations = (
				76B6C36F290923D70046C9F8 /* Debug */,
				76B6C370290923D70046C9F8 /* Release */,
			);
			defaultConfigurationIsVisible = 0;
			defaultConfigurationName = Release;
		};
		76B6C371290923D70046C9F8 /* Build configuration list for PBXNativeTarget "InRoomLogMonitorTests" */ = {
			isa = XCConfigurationList;
			buildConfigurations = (
				76B6C372290923D70046C9F8 /* Debug */,
				76B6C373290923D70046C9F8 /* Release */,
			);
			defaultConfigurationIsVisible = 0;
			defaultConfigurationName = Release;
		};
		76B6C374290923D70046C9F8 /* Build configuration list for PBXNativeTarget "InRoomLogMonitorUITests" */ = {
			isa = XCConfigurationList;
			buildConfigurations = (
				76B6C375290923D70046C9F8 /* Debug */,
				76B6C376290923D70046C9F8 /* Release */,
			);
			defaultConfigurationIsVisible = 0;
			defaultConfigurationName = Release;
		};
/* End XCConfigurationList section */
	};
	rootObject = 76B6C341290923D60046C9F8 /* Project object */;
}
